{
  "nodes": {
    "emily-modifiers": {
      "flake": false,
      "locked": {
        "lastModified": 1627979543,
        "narHash": "sha256-6fd7JMNvFLEljLGf35pj/e06WqNAT+qIHsOb90ZL+m0=",
        "owner": "EPLHREU",
        "repo": "emily-modifiers",
        "rev": "0dae8085c2cbcb30e4dc0a44e74354acf7978d06",
        "type": "github"
      },
      "original": {
        "owner": "EPLHREU",
        "repo": "emily-modifiers",
        "type": "github"
      }
    },
    "emily-symbols": {
      "flake": false,
      "locked": {
        "lastModified": 1630434755,
        "narHash": "sha256-cGVWcBerMu9B88liHte3fOcUDa3TZQIdVgcdUIbWGEc=",
        "owner": "EPLHREU",
        "repo": "emily-symbols",
        "rev": "4935106154855a08a65186b01d19d8e19bded8fe",
        "type": "github"
      },
      "original": {
        "owner": "EPLHREU",
        "repo": "emily-symbols",
        "type": "github"
      }
    },
    "flake-utils": {
      "locked": {
        "lastModified": 1659877975,
        "narHash": "sha256-zllb8aq3YO3h8B/U0/J1WBgAL8EX5yWf5pMj3G0NAmc=",
        "owner": "numtide",
        "repo": "flake-utils",
        "rev": "c0e246b9b83f637f4681389ecabcb2681b4f3af0",
        "type": "github"
      },
      "original": {
        "owner": "numtide",
        "repo": "flake-utils",
        "type": "github"
      }
    },
    "nixpkgs": {
      "locked": {
        "lastModified": 1666183223,
        "narHash": "sha256-/wpa+n39yEIzyoRH4OOldkM3kdx22ciD3fMz3U8xyXY=",
        "owner": "NixOS",
        "repo": "nixpkgs",
        "rev": "d2cfe468f81b5380a24a4de4f66c57d94ee9ca0e",
        "type": "github"
      },
      "original": {
        "owner": "NixOS",
        "ref": "nixpkgs-unstable",
        "repo": "nixpkgs",
        "type": "github"
      }
    },
    "root": {
      "inputs": {
        "emily-modifiers": "emily-modifiers",
        "emily-symbols": "emily-symbols",
        "flake-utils": "flake-utils",
        "nixpkgs": "nixpkgs"
      }
    }
  },
  "root": "root",
  "version": 7
}
